{
  "object": {
    "pins": [
      {
        "package": "SparrowKit",
        "repositoryURL": "https://github.com/ivanvorobei/SparrowKit",
        "state": {
          "branch": null,
          "revision": "63bbc09105de1239c00927d3244d9fd67f9c66a5",
          "version": "3.4.2"
        }
      },
      {
        "package": "SPDiffable",
        "repositoryURL": "https://github.com/ivanvorobei/SPDiffable",
        "state": {
          "branch": null,
          "revision": "eb534ec7ced2bef98a0059779b55dd0b013ec340",
          "version": "1.6.4"
        }
      }
    ]
  },
  "version": 1
}
