// !$*UTF8*$!
{
	archiveVersion = 1;
	classes = {
	};
	objectVersion = 52;
	objects = {

/* Begin PBXBuildFile section */
		F0DF68D5275137BC00740C0F /* Assets.xcassets in Resources */ = {isa = PBXBuildFile; fileRef = F0DF68D4275137BC00740C0F /* Assets.xcassets */; };
		F409BE2026AEAFB9002AB784 /* PreviewController.swift in Sources */ = {isa = PBXBuildFile; fileRef = F409BE1F26AEAFB9002AB784 /* PreviewController.swift */; };
		F43F829D26578DCA001D9B3D /* Assets.xcassets in Resources */ = {isa = PBXBuildFile; fileRef = F43F829426578DCA001D9B3D /* Assets.xcassets */; };
		F43F829E26578DCA001D9B3D /* LaunchScreen.storyboard in Resources */ = {isa = PBXBuildFile; fileRef = F43F829526578DCA001D9B3D /* LaunchScreen.storyboard */; };
		F43F829F26578DCA001D9B3D /* AppDelegate.swift in Sources */ = {isa = PBXBuildFile; fileRef = F43F829726578DCA001D9B3D /* AppDelegate.swift */; };
		F43F82A126578DCA001D9B3D /* PreviewController.swift in Sources */ = {isa = PBXBuildFile; fileRef = F43F829B26578DCA001D9B3D /* PreviewController.swift */; };
		F4BAA4392658293F00DA5BF7 /* SparrowKit in Frameworks */ = {isa = PBXBuildFile; productRef = F4BAA4382658293F00DA5BF7 /* SparrowKit */; };
		F4BAA4402658297300DA5BF7 /* LaunchScreen.storyboard in Resources */ = {isa = PBXBuildFile; fileRef = F4BAA43D2658297300DA5BF7 /* LaunchScreen.storyboard */; };
		F4BAA4412658297300DA5BF7 /* Assets.xcassets in Resources */ = {isa = PBXBuildFile; fileRef = F4BAA43E2658297300DA5BF7 /* Assets.xcassets */; };
		F4BAA4422658297300DA5BF7 /* AppDelegate.swift in Sources */ = {isa = PBXBuildFile; fileRef = F4BAA43F2658297300DA5BF7 /* AppDelegate.swift */; };
		F4C8FEFB2752215500BCF7E0 /* SPConfetti in Frameworks */ = {isa = PBXBuildFile; productRef = F4C8FEFA2752215500BCF7E0 /* SPConfetti */; };
		F4C8FEFF2752221E00BCF7E0 /* SPConfetti in Frameworks */ = {isa = PBXBuildFile; productRef = F4C8FEFE2752221E00BCF7E0 /* SPConfetti */; };
		F4C8FF042752245B00BCF7E0 /* Main.swift in Sources */ = {isa = PBXBuildFile; fileRef = F0DF68D0275137BB00740C0F /* Main.swift */; };
		F4C8FF062752247800BCF7E0 /* LaunchScreen.storyboard in Resources */ = {isa = PBXBuildFile; fileRef = F43F829526578DCA001D9B3D /* LaunchScreen.storyboard */; };
		F4C8FF2B2752287500BCF7E0 /* SPConfetti in Frameworks */ = {isa = PBXBuildFile; productRef = F4C8FF2A2752287500BCF7E0 /* SPConfetti */; };
		F4C8FF2D27529D6500BCF7E0 /* SparrowKit in Frameworks */ = {isa = PBXBuildFile; productRef = F4C8FF2C27529D6500BCF7E0 /* SparrowKit */; };
		F4C8FF2F27529D6800BCF7E0 /* SPDiffable in Frameworks */ = {isa = PBXBuildFile; productRef = F4C8FF2E27529D6800BCF7E0 /* SPDiffable */; };
/* End PBXBuildFile section */

/* Begin PBXCopyFilesBuildPhase section */
		F43F82EA26578F24001D9B3D /* Embed Watch Content */ = {
			isa = PBXCopyFilesBuildPhase;
			buildActionMask = 2147483647;
			dstPath = "$(CONTENTS_FOLDER_PATH)/Watch";
			dstSubfolderSpec = 16;
			files = (
			);
			name = "Embed Watch Content";
			runOnlyForDeploymentPostprocessing = 0;
		};
/* End PBXCopyFilesBuildPhase section */

/* Begin PBXFileReference section */
		F0DF68CE275137BB00740C0F /* SPConfetti SwiftUI.app */ = {isa = PBXFileReference; explicitFileType = wrapper.application; includeInIndex = 0; path = "SPConfetti SwiftUI.app"; sourceTree = BUILT_PRODUCTS_DIR; };
		F0DF68D0275137BB00740C0F /* Main.swift */ = {isa = PBXFileReference; lastKnownFileType = sourcecode.swift; path = Main.swift; sourceTree = "<group>"; };
		F0DF68D4275137BC00740C0F /* Assets.xcassets */ = {isa = PBXFileReference; lastKnownFileType = folder.assetcatalog; path = Assets.xcassets; sourceTree = "<group>"; };
		F409BE1F26AEAFB9002AB784 /* PreviewController.swift */ = {isa = PBXFileReference; lastKnownFileType = sourcecode.swift; path = PreviewController.swift; sourceTree = "<group>"; };
		F43F827B26578D83001D9B3D /* iOS UIKit Example.app */ = {isa = PBXFileReference; explicitFileType = wrapper.application; includeInIndex = 0; path = "iOS UIKit Example.app"; sourceTree = BUILT_PRODUCTS_DIR; };
		F43F829426578DCA001D9B3D /* Assets.xcassets */ = {isa = PBXFileReference; lastKnownFileType = folder.assetcatalog; path = Assets.xcassets; sourceTree = "<group>"; };
		F43F829626578DCA001D9B3D /* Base */ = {isa = PBXFileReference; lastKnownFileType = file.storyboard; name = Base; path = Base.lproj/LaunchScreen.storyboard; sourceTree = "<group>"; };
		F43F829726578DCA001D9B3D /* AppDelegate.swift */ = {isa = PBXFileReference; fileEncoding = 4; lastKnownFileType = sourcecode.swift; path = AppDelegate.swift; sourceTree = "<group>"; };
		F43F829B26578DCA001D9B3D /* PreviewController.swift */ = {isa = PBXFileReference; fileEncoding = 4; lastKnownFileType = sourcecode.swift; path = PreviewController.swift; sourceTree = "<group>"; };
		F43F82AB26578F03001D9B3D /* tvOS Example.app */ = {isa = PBXFileReference; explicitFileType = wrapper.application; includeInIndex = 0; path = "tvOS Example.app"; sourceTree = BUILT_PRODUCTS_DIR; };
		F43F82B926578F04001D9B3D /* Info.plist */ = {isa = PBXFileReference; lastKnownFileType = text.plist.xml; path = Info.plist; sourceTree = "<group>"; };
		F4BAA43D2658297300DA5BF7 /* LaunchScreen.storyboard */ = {isa = PBXFileReference; fileEncoding = 4; lastKnownFileType = file.storyboard; path = LaunchScreen.storyboard; sourceTree = "<group>"; };
		F4BAA43E2658297300DA5BF7 /* Assets.xcassets */ = {isa = PBXFileReference; lastKnownFileType = folder.assetcatalog; path = Assets.xcassets; sourceTree = "<group>"; };
		F4BAA43F2658297300DA5BF7 /* AppDelegate.swift */ = {isa = PBXFileReference; fileEncoding = 4; lastKnownFileType = sourcecode.swift; path = AppDelegate.swift; sourceTree = "<group>"; };
		F4C8FEF92752213600BCF7E0 /* SPConfetti */ = {isa = PBXFileReference; lastKnownFileType = folder; name = SPConfetti; path = ..; sourceTree = "<group>"; };
		F4C8FF08275225E000BCF7E0 /* Info.plist */ = {isa = PBXFileReference; lastKnownFileType = text.plist; name = Info.plist; path = "iOS UIKit Example/Info.plist"; sourceTree = SOURCE_ROOT; };
		F4C8FF282752271800BCF7E0 /* Info.plist */ = {isa = PBXFileReference; fileEncoding = 4; lastKnownFileType = text.plist.xml; path = Info.plist; sourceTree = "<group>"; };
/* End PBXFileReference section */

/* Begin PBXFrameworksBuildPhase section */
		F0DF68CB275137BB00740C0F /* Frameworks */ = {
			isa = PBXFrameworksBuildPhase;
			buildActionMask = 2147483647;
			files = (
				F4C8FF2B2752287500BCF7E0 /* SPConfetti in Frameworks */,
			);
			runOnlyForDeploymentPostprocessing = 0;
		};
		F43F827826578D83001D9B3D /* Frameworks */ = {
			isa = PBXFrameworksBuildPhase;
			buildActionMask = 2147483647;
			files = (
				F4C8FF2F27529D6800BCF7E0 /* SPDiffable in Frameworks */,
				F4C8FF2D27529D6500BCF7E0 /* SparrowKit in Frameworks */,
				F4C8FEFB2752215500BCF7E0 /* SPConfetti in Frameworks */,
			);
			runOnlyForDeploymentPostprocessing = 0;
		};
		F43F82A826578F03001D9B3D /* Frameworks */ = {
			isa = PBXFrameworksBuildPhase;
			buildActionMask = 2147483647;
			files = (
				F4BAA4392658293F00DA5BF7 /* SparrowKit in Frameworks */,
				F4C8FEFF2752221E00BCF7E0 /* SPConfetti in Frameworks */,
			);
			runOnlyForDeploymentPostprocessing = 0;
		};
/* End PBXFrameworksBuildPhase section */

/* Begin PBXGroup section */
		F0DF68CF275137BB00740C0F /* iOS SwiftUI Example */ = {
			isa = PBXGroup;
			children = (
				F4C8FF282752271800BCF7E0 /* Info.plist */,
				F0DF68D0275137BB00740C0F /* Main.swift */,
				F0DF68D4275137BC00740C0F /* Assets.xcassets */,
			);
			path = "iOS SwiftUI Example";
			sourceTree = "<group>";
		};
		F409BE1E26AEAF2C002AB784 /* Scenes */ = {
			isa = PBXGroup;
			children = (
				F409BE1F26AEAFB9002AB784 /* PreviewController.swift */,
			);
			path = Scenes;
			sourceTree = "<group>";
		};
		F43F827226578D83001D9B3D = {
			isa = PBXGroup;
			children = (
				F4C8FEF92752213600BCF7E0 /* SPConfetti */,
				F43F829226578DCA001D9B3D /* iOS UIKit Example */,
				F0DF68CF275137BB00740C0F /* iOS SwiftUI Example */,
				F43F82AC26578F03001D9B3D /* tvOS Example */,
				F43F827C26578D83001D9B3D /* Products */,
				F43F82A426578E31001D9B3D /* Frameworks */,
			);
			sourceTree = "<group>";
		};
		F43F827C26578D83001D9B3D /* Products */ = {
			isa = PBXGroup;
			children = (
				F43F827B26578D83001D9B3D /* iOS UIKit Example.app */,
				F43F82AB26578F03001D9B3D /* tvOS Example.app */,
				F0DF68CE275137BB00740C0F /* SPConfetti SwiftUI.app */,
			);
			name = Products;
			sourceTree = "<group>";
		};
		F43F829226578DCA001D9B3D /* iOS UIKit Example */ = {
			isa = PBXGroup;
			children = (
				F43F829326578DCA001D9B3D /* App */,
				F43F829A26578DCA001D9B3D /* Scenes */,
			);
			path = "iOS UIKit Example";
			sourceTree = "<group>";
		};
		F43F829326578DCA001D9B3D /* App */ = {
			isa = PBXGroup;
			children = (
				F4C8FF08275225E000BCF7E0 /* Info.plist */,
				F43F829726578DCA001D9B3D /* AppDelegate.swift */,
				F43F829426578DCA001D9B3D /* Assets.xcassets */,
				F43F829526578DCA001D9B3D /* LaunchScreen.storyboard */,
			);
			path = App;
			sourceTree = "<group>";
		};
		F43F829A26578DCA001D9B3D /* Scenes */ = {
			isa = PBXGroup;
			children = (
				F43F829B26578DCA001D9B3D /* PreviewController.swift */,
			);
			path = Scenes;
			sourceTree = "<group>";
		};
		F43F82A426578E31001D9B3D /* Frameworks */ = {
			isa = PBXGroup;
			children = (
			);
			name = Frameworks;
			sourceTree = "<group>";
		};
		F43F82AC26578F03001D9B3D /* tvOS Example */ = {
			isa = PBXGroup;
			children = (
				F4BAA43C2658297300DA5BF7 /* App */,
				F409BE1E26AEAF2C002AB784 /* Scenes */,
				F43F82B926578F04001D9B3D /* Info.plist */,
			);
			path = "tvOS Example";
			sourceTree = "<group>";
		};
		F4BAA43C2658297300DA5BF7 /* App */ = {
			isa = PBXGroup;
			children = (
				F4BAA43F2658297300DA5BF7 /* AppDelegate.swift */,
				F4BAA43D2658297300DA5BF7 /* LaunchScreen.storyboard */,
				F4BAA43E2658297300DA5BF7 /* Assets.xcassets */,
			);
			path = App;
			sourceTree = "<group>";
		};
/* End PBXGroup section */

/* Begin PBXNativeTarget section */
		F0DF68CD275137BB00740C0F /* iOS SwiftUI Example */ = {
			isa = PBXNativeTarget;
			buildConfigurationList = F0DF68DB275137BC00740C0F /* Build configuration list for PBXNativeTarget "iOS SwiftUI Example" */;
			buildPhases = (
				F0DF68CA275137BB00740C0F /* Sources */,
				F0DF68CB275137BB00740C0F /* Frameworks */,
				F0DF68CC275137BB00740C0F /* Resources */,
			);
			buildRules = (
			);
			dependencies = (
			);
			name = "iOS SwiftUI Example";
			packageProductDependencies = (
				F4C8FF2A2752287500BCF7E0 /* SPConfetti */,
			);
			productName = "iOS SwiftUI Example";
			productReference = F0DF68CE275137BB00740C0F /* SPConfetti SwiftUI.app */;
			productType = "com.apple.product-type.application";
		};
		F43F827A26578D83001D9B3D /* iOS UIKit Example */ = {
			isa = PBXNativeTarget;
			buildConfigurationList = F43F828F26578D84001D9B3D /* Build configuration list for PBXNativeTarget "iOS UIKit Example" */;
			buildPhases = (
				F43F827726578D83001D9B3D /* Sources */,
				F43F827826578D83001D9B3D /* Frameworks */,
				F43F827926578D83001D9B3D /* Resources */,
				F43F82EA26578F24001D9B3D /* Embed Watch Content */,
			);
			buildRules = (
			);
			dependencies = (
			);
			name = "iOS UIKit Example";
			packageProductDependencies = (
				F4C8FEFA2752215500BCF7E0 /* SPConfetti */,
				F4C8FF2C27529D6500BCF7E0 /* SparrowKit */,
				F4C8FF2E27529D6800BCF7E0 /* SPDiffable */,
			);
			productName = SparrowKit;
			productReference = F43F827B26578D83001D9B3D /* iOS UIKit Example.app */;
			productType = "com.apple.product-type.application";
		};
		F43F82AA26578F03001D9B3D /* tvOS Example */ = {
			isa = PBXNativeTarget;
			buildConfigurationList = F43F82BA26578F04001D9B3D /* Build configuration list for PBXNativeTarget "tvOS Example" */;
			buildPhases = (
				F43F82A726578F03001D9B3D /* Sources */,
				F43F82A826578F03001D9B3D /* Frameworks */,
				F43F82A926578F03001D9B3D /* Resources */,
			);
			buildRules = (
			);
			dependencies = (
			);
			name = "tvOS Example";
			packageProductDependencies = (
				F4BAA4382658293F00DA5BF7 /* SparrowKit */,
				F4C8FEFE2752221E00BCF7E0 /* SPConfetti */,
			);
			productName = "tvOS Example";
			productReference = F43F82AB26578F03001D9B3D /* tvOS Example.app */;
			productType = "com.apple.product-type.application";
		};
/* End PBXNativeTarget section */

/* Begin PBXProject section */
		F43F827326578D83001D9B3D /* Project object */ = {
			isa = PBXProject;
			attributes = {
				LastSwiftUpdateCheck = 1310;
				LastUpgradeCheck = 1250;
				TargetAttributes = {
					F0DF68CD275137BB00740C0F = {
						CreatedOnToolsVersion = 13.1;
					};
					F43F827A26578D83001D9B3D = {
						CreatedOnToolsVersion = 12.5;
					};
					F43F82AA26578F03001D9B3D = {
						CreatedOnToolsVersion = 12.5;
					};
				};
			};
			buildConfigurationList = F43F827626578D83001D9B3D /* Build configuration list for PBXProject "SPConfetti" */;
			compatibilityVersion = "Xcode 9.3";
			developmentRegion = en;
			hasScannedForEncodings = 0;
			knownRegions = (
				en,
				Base,
			);
			mainGroup = F43F827226578D83001D9B3D;
			packageReferences = (
				F4BAA4332658292F00DA5BF7 /* XCRemoteSwiftPackageReference "SparrowKit" */,
				F4B96F97265AC34400A01A29 /* XCRemoteSwiftPackageReference "SPDiffable" */,
			);
			productRefGroup = F43F827C26578D83001D9B3D /* Products */;
			projectDirPath = "";
			projectRoot = "";
			targets = (
				F43F827A26578D83001D9B3D /* iOS UIKit Example */,
				F0DF68CD275137BB00740C0F /* iOS SwiftUI Example */,
				F43F82AA26578F03001D9B3D /* tvOS Example */,
			);
		};
/* End PBXProject section */

/* Begin PBXResourcesBuildPhase section */
		F0DF68CC275137BB00740C0F /* Resources */ = {
			isa = PBXResourcesBuildPhase;
			buildActionMask = 2147483647;
			files = (
				F0DF68D5275137BC00740C0F /* Assets.xcassets in Resources */,
				F4C8FF062752247800BCF7E0 /* LaunchScreen.storyboard in Resources */,
			);
			runOnlyForDeploymentPostprocessing = 0;
		};
		F43F827926578D83001D9B3D /* Resources */ = {
			isa = PBXResourcesBuildPhase;
			buildActionMask = 2147483647;
			files = (
				F43F829D26578DCA001D9B3D /* Assets.xcassets in Resources */,
				F43F829E26578DCA001D9B3D /* LaunchScreen.storyboard in Resources */,
			);
			runOnlyForDeploymentPostprocessing = 0;
		};
		F43F82A926578F03001D9B3D /* Resources */ = {
			isa = PBXResourcesBuildPhase;
			buildActionMask = 2147483647;
			files = (
				F4BAA4412658297300DA5BF7 /* Assets.xcassets in Resources */,
				F4BAA4402658297300DA5BF7 /* LaunchScreen.storyboard in Resources */,
			);
			runOnlyForDeploymentPostprocessing = 0;
		};
/* End PBXResourcesBuildPhase section */

/* Begin PBXSourcesBuildPhase section */
		F0DF68CA275137BB00740C0F /* Sources */ = {
			isa = PBXSourcesBuildPhase;
			buildActionMask = 2147483647;
			files = (
				F4C8FF042752245B00BCF7E0 /* Main.swift in Sources */,
			);
			runOnlyForDeploymentPostprocessing = 0;
		};
		F43F827726578D83001D9B3D /* Sources */ = {
			isa = PBXSourcesBuildPhase;
			buildActionMask = 2147483647;
			files = (
				F43F82A126578DCA001D9B3D /* PreviewController.swift in Sources */,
				F43F829F26578DCA001D9B3D /* AppDelegate.swift in Sources */,
			);
			runOnlyForDeploymentPostprocessing = 0;
		};
		F43F82A726578F03001D9B3D /* Sources */ = {
			isa = PBXSourcesBuildPhase;
			buildActionMask = 2147483647;
			files = (
				F409BE2026AEAFB9002AB784 /* PreviewController.swift in Sources */,
				F4BAA4422658297300DA5BF7 /* AppDelegate.swift in Sources */,
			);
			runOnlyForDeploymentPostprocessing = 0;
		};
/* End PBXSourcesBuildPhase section */

/* Begin PBXVariantGroup section */
		F43F829526578DCA001D9B3D /* LaunchScreen.storyboard */ = {
			isa = PBXVariantGroup;
			children = (
				F43F829626578DCA001D9B3D /* Base */,
			);
			name = LaunchScreen.storyboard;
			sourceTree = "<group>";
		};
/* End PBXVariantGroup section */

/* Begin XCBuildConfiguration section */
		F0DF68D9275137BC00740C0F /* Debug */ = {
			isa = XCBuildConfiguration;
			buildSettings = {
				ASSETCATALOG_COMPILER_APPICON_NAME = AppIcon;
				ASSETCATALOG_COMPILER_GLOBAL_ACCENT_COLOR_NAME = "";
				CLANG_CXX_LANGUAGE_STANDARD = "gnu++17";
				CODE_SIGN_STYLE = Automatic;
				CURRENT_PROJECT_VERSION = 1;
				DEVELOPMENT_ASSET_PATHS = "";
				DEVELOPMENT_TEAM = 5KKK9SKF79;
				ENABLE_PREVIEWS = YES;
				GENERATE_INFOPLIST_FILE = YES;
				INFOPLIST_FILE = "iOS SwiftUI Example/Info.plist";
				INFOPLIST_KEY_CFBundleDisplayName = "SPConfetti SwiftUI";
				INFOPLIST_KEY_UIApplicationSupportsIndirectInputEvents = YES;
				INFOPLIST_KEY_UILaunchScreen_Generation = YES;
				INFOPLIST_KEY_UILaunchStoryboardName = LaunchScreen;
				INFOPLIST_KEY_UISupportedInterfaceOrientations = "UIInterfaceOrientationPortrait UIInterfaceOrientationLandscapeLeft UIInterfaceOrientationLandscapeRight";
				INFOPLIST_KEY_UISupportedInterfaceOrientations_iPad = "UIInterfaceOrientationPortrait UIInterfaceOrientationPortraitUpsideDown UIInterfaceOrientationLandscapeLeft UIInterfaceOrientationLandscapeRight";
				INFOPLIST_KEY_UISupportedInterfaceOrientations_iPhone = "UIInterfaceOrientationPortrait UIInterfaceOrientationLandscapeLeft UIInterfaceOrientationLandscapeRight";
				IPHONEOS_DEPLOYMENT_TARGET = 14.0;
				LD_RUNPATH_SEARCH_PATHS = (
					"$(inherited)",
					"@executable_path/Frameworks",
				);
				MARKETING_VERSION = 1.0;
				PRODUCT_BUNDLE_IDENTIFIER = by.ivanvorobei.opensource.spconfetti.ios.swiftui;
				PRODUCT_MODULE_NAME = SPConfetti_SwiftUI;
				PRODUCT_NAME = "SPConfetti SwiftUI";
				SWIFT_EMIT_LOC_STRINGS = YES;
				SWIFT_VERSION = 5.0;
				TARGETED_DEVICE_FAMILY = "1,2";
			};
			name = Debug;
		};
		F0DF68DA275137BC00740C0F /* Release */ = {
			isa = XCBuildConfiguration;
			buildSettings = {
				ASSETCATALOG_COMPILER_APPICON_NAME = AppIcon;
				ASSETCATALOG_COMPILER_GLOBAL_ACCENT_COLOR_NAME = "";
				CLANG_CXX_LANGUAGE_STANDARD = "gnu++17";
				CODE_SIGN_STYLE = Automatic;
				CURRENT_PROJECT_VERSION = 1;
				DEVELOPMENT_ASSET_PATHS = "";
				DEVELOPMENT_TEAM = 5KKK9SKF79;
				ENABLE_PREVIEWS = YES;
				GENERATE_INFOPLIST_FILE = YES;
				INFOPLIST_FILE = "iOS SwiftUI Example/Info.plist";
				INFOPLIST_KEY_CFBundleDisplayName = "SPConfetti SwiftUI";
				INFOPLIST_KEY_UIApplicationSupportsIndirectInputEvents = YES;
				INFOPLIST_KEY_UILaunchScreen_Generation = YES;
				INFOPLIST_KEY_UILaunchStoryboardName = LaunchScreen;
				INFOPLIST_KEY_UISupportedInterfaceOrientations = "UIInterfaceOrientationPortrait UIInterfaceOrientationLandscapeLeft UIInterfaceOrientationLandscapeRight";
				INFOPLIST_KEY_UISupportedInterfaceOrientations_iPad = "UIInterfaceOrientationPortrait UIInterfaceOrientationPortraitUpsideDown UIInterfaceOrientationLandscapeLeft UIInterfaceOrientationLandscapeRight";
				INFOPLIST_KEY_UISupportedInterfaceOrientations_iPhone = "UIInterfaceOrientationPortrait UIInterfaceOrientationLandscapeLeft UIInterfaceOrientationLandscapeRight";
				IPHONEOS_DEPLOYMENT_TARGET = 14.0;
				LD_RUNPATH_SEARCH_PATHS = (
					"$(inherited)",
					"@executable_path/Frameworks",
				);
				MARKETING_VERSION = 1.0;
				PRODUCT_BUNDLE_IDENTIFIER = by.ivanvorobei.opensource.spconfetti.ios.swiftui;
				PRODUCT_MODULE_NAME = SPConfetti_SwiftUI;
				PRODUCT_NAME = "SPConfetti SwiftUI";
				SWIFT_EMIT_LOC_STRINGS = YES;
				SWIFT_VERSION = 5.0;
				TARGETED_DEVICE_FAMILY = "1,2";
			};
			name = Release;
		};
		F43F828D26578D84001D9B3D /* Debug */ = {
			isa = XCBuildConfiguration;
			buildSettings = {
				ALWAYS_SEARCH_USER_PATHS = NO;
				CLANG_ANALYZER_NONNULL = YES;
				CLANG_ANALYZER_NUMBER_OBJECT_CONVERSION = YES_AGGRESSIVE;
				CLANG_CXX_LANGUAGE_STANDARD = "gnu++14";
				CLANG_CXX_LIBRARY = "libc++";
				CLANG_ENABLE_MODULES = YES;
				CLANG_ENABLE_OBJC_ARC = YES;
				CLANG_ENABLE_OBJC_WEAK = YES;
				CLANG_WARN_BLOCK_CAPTURE_AUTORELEASING = YES;
				CLANG_WARN_BOOL_CONVERSION = YES;
				CLANG_WARN_COMMA = YES;
				CLANG_WARN_CONSTANT_CONVERSION = YES;
				CLANG_WARN_DEPRECATED_OBJC_IMPLEMENTATIONS = YES;
				CLANG_WARN_DIRECT_OBJC_ISA_USAGE = YES_ERROR;
				CLANG_WARN_DOCUMENTATION_COMMENTS = YES;
				CLANG_WARN_EMPTY_BODY = YES;
				CLANG_WARN_ENUM_CONVERSION = YES;
				CLANG_WARN_INFINITE_RECURSION = YES;
				CLANG_WARN_INT_CONVERSION = YES;
				CLANG_WARN_NON_LITERAL_NULL_CONVERSION = YES;
				CLANG_WARN_OBJC_IMPLICIT_RETAIN_SELF = YES;
				CLANG_WARN_OBJC_LITERAL_CONVERSION = YES;
				CLANG_WARN_OBJC_ROOT_CLASS = YES_ERROR;
				CLANG_WARN_QUOTED_INCLUDE_IN_FRAMEWORK_HEADER = YES;
				CLANG_WARN_RANGE_LOOP_ANALYSIS = YES;
				CLANG_WARN_STRICT_PROTOTYPES = YES;
				CLANG_WARN_SUSPICIOUS_MOVE = YES;
				CLANG_WARN_UNGUARDED_AVAILABILITY = YES_AGGRESSIVE;
				CLANG_WARN_UNREACHABLE_CODE = YES;
				CLANG_WARN__DUPLICATE_METHOD_MATCH = YES;
				COPY_PHASE_STRIP = NO;
				DEBUG_INFORMATION_FORMAT = dwarf;
				ENABLE_STRICT_OBJC_MSGSEND = YES;
				ENABLE_TESTABILITY = YES;
				GCC_C_LANGUAGE_STANDARD = gnu11;
				GCC_DYNAMIC_NO_PIC = NO;
				GCC_NO_COMMON_BLOCKS = YES;
				GCC_OPTIMIZATION_LEVEL = 0;
				GCC_PREPROCESSOR_DEFINITIONS = (
					"DEBUG=1",
					"$(inherited)",
				);
				GCC_WARN_64_TO_32_BIT_CONVERSION = YES;
				GCC_WARN_ABOUT_RETURN_TYPE = YES_ERROR;
				GCC_WARN_UNDECLARED_SELECTOR = YES;
				GCC_WARN_UNINITIALIZED_AUTOS = YES_AGGRESSIVE;
				GCC_WARN_UNUSED_FUNCTION = YES;
				GCC_WARN_UNUSED_VARIABLE = YES;
				IPHONEOS_DEPLOYMENT_TARGET = 14.5;
				MTL_ENABLE_DEBUG_INFO = INCLUDE_SOURCE;
				MTL_FAST_MATH = YES;
				ONLY_ACTIVE_ARCH = YES;
				SDKROOT = iphoneos;
				SWIFT_ACTIVE_COMPILATION_CONDITIONS = DEBUG;
				SWIFT_OPTIMIZATION_LEVEL = "-Onone";
			};
			name = Debug;
		};
		F43F828E26578D84001D9B3D /* Release */ = {
			isa = XCBuildConfiguration;
			buildSettings = {
				ALWAYS_SEARCH_USER_PATHS = NO;
				CLANG_ANALYZER_NONNULL = YES;
				CLANG_ANALYZER_NUMBER_OBJECT_CONVERSION = YES_AGGRESSIVE;
				CLANG_CXX_LANGUAGE_STANDARD = "gnu++14";
				CLANG_CXX_LIBRARY = "libc++";
				CLANG_ENABLE_MODULES = YES;
				CLANG_ENABLE_OBJC_ARC = YES;
				CLANG_ENABLE_OBJC_WEAK = YES;
				CLANG_WARN_BLOCK_CAPTURE_AUTORELEASING = YES;
				CLANG_WARN_BOOL_CONVERSION = YES;
				CLANG_WARN_COMMA = YES;
				CLANG_WARN_CONSTANT_CONVERSION = YES;
				CLANG_WARN_DEPRECATED_OBJC_IMPLEMENTATIONS = YES;
				CLANG_WARN_DIRECT_OBJC_ISA_USAGE = YES_ERROR;
				CLANG_WARN_DOCUMENTATION_COMMENTS = YES;
				CLANG_WARN_EMPTY_BODY = YES;
				CLANG_WARN_ENUM_CONVERSION = YES;
				CLANG_WARN_INFINITE_RECURSION = YES;
				CLANG_WARN_INT_CONVERSION = YES;
				CLANG_WARN_NON_LITERAL_NULL_CONVERSION = YES;
				CLANG_WARN_OBJC_IMPLICIT_RETAIN_SELF = YES;
				CLANG_WARN_OBJC_LITERAL_CONVERSION = YES;
				CLANG_WARN_OBJC_ROOT_CLASS = YES_ERROR;
				CLANG_WARN_QUOTED_INCLUDE_IN_FRAMEWORK_HEADER = YES;
				CLANG_WARN_RANGE_LOOP_ANALYSIS = YES;
				CLANG_WARN_STRICT_PROTOTYPES = YES;
				CLANG_WARN_SUSPICIOUS_MOVE = YES;
				CLANG_WARN_UNGUARDED_AVAILABILITY = YES_AGGRESSIVE;
				CLANG_WARN_UNREACHABLE_CODE = YES;
				CLANG_WARN__DUPLICATE_METHOD_MATCH = YES;
				COPY_PHASE_STRIP = NO;
				DEBUG_INFORMATION_FORMAT = "dwarf-with-dsym";
				ENABLE_NS_ASSERTIONS = NO;
				ENABLE_STRICT_OBJC_MSGSEND = YES;
				GCC_C_LANGUAGE_STANDARD = gnu11;
				GCC_NO_COMMON_BLOCKS = YES;
				GCC_WARN_64_TO_32_BIT_CONVERSION = YES;
				GCC_WARN_ABOUT_RETURN_TYPE = YES_ERROR;
				GCC_WARN_UNDECLARED_SELECTOR = YES;
				GCC_WARN_UNINITIALIZED_AUTOS = YES_AGGRESSIVE;
				GCC_WARN_UNUSED_FUNCTION = YES;
				GCC_WARN_UNUSED_VARIABLE = YES;
				IPHONEOS_DEPLOYMENT_TARGET = 14.5;
				MTL_ENABLE_DEBUG_INFO = NO;
				MTL_FAST_MATH = YES;
				SDKROOT = iphoneos;
				SWIFT_COMPILATION_MODE = wholemodule;
				SWIFT_OPTIMIZATION_LEVEL = "-O";
				VALIDATE_PRODUCT = YES;
			};
			name = Release;
		};
		F43F829026578D84001D9B3D /* Debug */ = {
			isa = XCBuildConfiguration;
			buildSettings = {
				ASSETCATALOG_COMPILER_APPICON_NAME = AppIcon;
				ASSETCATALOG_COMPILER_GLOBAL_ACCENT_COLOR_NAME = "";
				CODE_SIGN_STYLE = Automatic;
				CURRENT_PROJECT_VERSION = 1;
				DEVELOPMENT_TEAM = NPYZ6A48AA;
				INFOPLIST_FILE = "iOS UIKit Example/Info.plist";
				IPHONEOS_DEPLOYMENT_TARGET = 14.0;
				LD_RUNPATH_SEARCH_PATHS = (
					"$(inherited)",
					"@executable_path/Frameworks",
				);
				MARKETING_VERSION = 1.0;
				PRODUCT_BUNDLE_IDENTIFIER = by.ivanvorobei.opensource.spconfetti.ios.uikit;
				PRODUCT_NAME = "$(TARGET_NAME)";
				SWIFT_VERSION = 5.0;
				TARGETED_DEVICE_FAMILY = "1,2";
			};
			name = Debug;
		};
		F43F829126578D84001D9B3D /* Release */ = {
			isa = XCBuildConfiguration;
			buildSettings = {
				ASSETCATALOG_COMPILER_APPICON_NAME = AppIcon;
				ASSETCATALOG_COMPILER_GLOBAL_ACCENT_COLOR_NAME = "";
				CODE_SIGN_STYLE = Automatic;
				CURRENT_PROJECT_VERSION = 1;
				DEVELOPMENT_TEAM = NPYZ6A48AA;
				INFOPLIST_FILE = "iOS UIKit Example/Info.plist";
				IPHONEOS_DEPLOYMENT_TARGET = 14.0;
				LD_RUNPATH_SEARCH_PATHS = (
					"$(inherited)",
					"@executable_path/Frameworks",
				);
				MARKETING_VERSION = 1.0;
				PRODUCT_BUNDLE_IDENTIFIER = by.ivanvorobei.opensource.spconfetti.ios.uikit;
				PRODUCT_NAME = "$(TARGET_NAME)";
				SWIFT_VERSION = 5.0;
				TARGETED_DEVICE_FAMILY = "1,2";
			};
			name = Release;
		};
		F43F82BB26578F04001D9B3D /* Debug */ = {
			isa = XCBuildConfiguration;
			buildSettings = {
				ASSETCATALOG_COMPILER_APPICON_NAME = "App Icon & Top Shelf Image";
				ASSETCATALOG_COMPILER_GLOBAL_ACCENT_COLOR_NAME = "";
				CODE_SIGN_STYLE = Automatic;
				DEVELOPMENT_TEAM = T9Z76HLJ3T;
				INFOPLIST_FILE = "tvOS Example/Info.plist";
				LD_RUNPATH_SEARCH_PATHS = (
					"$(inherited)",
					"@executable_path/Frameworks",
				);
				PRODUCT_BUNDLE_IDENTIFIER = by.ivanvorobei.opensource.spconfetti.tvos;
				PRODUCT_NAME = "$(TARGET_NAME)";
				SDKROOT = appletvos;
				SWIFT_VERSION = 5.0;
				TARGETED_DEVICE_FAMILY = 3;
				TVOS_DEPLOYMENT_TARGET = 12.1;
			};
			name = Debug;
		};
		F43F82BC26578F04001D9B3D /* Release */ = {
			isa = XCBuildConfiguration;
			buildSettings = {
				ASSETCATALOG_COMPILER_APPICON_NAME = "App Icon & Top Shelf Image";
				ASSETCATALOG_COMPILER_GLOBAL_ACCENT_COLOR_NAME = "";
				CODE_SIGN_STYLE = Automatic;
				DEVELOPMENT_TEAM = T9Z76HLJ3T;
				INFOPLIST_FILE = "tvOS Example/Info.plist";
				LD_RUNPATH_SEARCH_PATHS = (
					"$(inherited)",
					"@executable_path/Frameworks",
				);
				PRODUCT_BUNDLE_IDENTIFIER = by.ivanvorobei.opensource.spconfetti.tvos;
				PRODUCT_NAME = "$(TARGET_NAME)";
				SDKROOT = appletvos;
				SWIFT_VERSION = 5.0;
				TARGETED_DEVICE_FAMILY = 3;
				TVOS_DEPLOYMENT_TARGET = 12.1;
			};
			name = Release;
		};
/* End XCBuildConfiguration section */

/* Begin XCConfigurationList section */
		F0DF68DB275137BC00740C0F /* Build configuration list for PBXNativeTarget "iOS SwiftUI Example" */ = {
			isa = XCConfigurationList;
			buildConfigurations = (
				F0DF68D9275137BC00740C0F /* Debug */,
				F0DF68DA275137BC00740C0F /* Release */,
			);
			defaultConfigurationIsVisible = 0;
			defaultConfigurationName = Release;
		};
		F43F827626578D83001D9B3D /* Build configuration list for PBXProject "SPConfetti" */ = {
			isa = XCConfigurationList;
			buildConfigurations = (
				F43F828D26578D84001D9B3D /* Debug */,
				F43F828E26578D84001D9B3D /* Release */,
			);
			defaultConfigurationIsVisible = 0;
			defaultConfigurationName = Release;
		};
		F43F828F26578D84001D9B3D /* Build configuration list for PBXNativeTarget "iOS UIKit Example" */ = {
			isa = XCConfigurationList;
			buildConfigurations = (
				F43F829026578D84001D9B3D /* Debug */,
				F43F829126578D84001D9B3D /* Release */,
			);
			defaultConfigurationIsVisible = 0;
			defaultConfigurationName = Release;
		};
		F43F82BA26578F04001D9B3D /* Build configuration list for PBXNativeTarget "tvOS Example" */ = {
			isa = XCConfigurationList;
			buildConfigurations = (
				F43F82BB26578F04001D9B3D /* Debug */,
				F43F82BC26578F04001D9B3D /* Release */,
			);
			defaultConfigurationIsVisible = 0;
			defaultConfigurationName = Release;
		};
/* End XCConfigurationList section */

/* Begin XCRemoteSwiftPackageReference section */
		F4B96F97265AC34400A01A29 /* XCRemoteSwiftPackageReference "SPDiffable" */ = {
			isa = XCRemoteSwiftPackageReference;
			repositoryURL = "https://github.com/ivanvorobei/SPDiffable";
			requirement = {
				kind = upToNextMajorVersion;
				minimumVersion = 1.2.4;
			};
		};
		F4BAA4332658292F00DA5BF7 /* XCRemoteSwiftPackageReference "SparrowKit" */ = {
			isa = XCRemoteSwiftPackageReference;
			repositoryURL = "https://github.com/ivanvorobei/SparrowKit";
			requirement = {
				kind = upToNextMajorVersion;
				minimumVersion = 3.4.2;
			};
		};
/* End XCRemoteSwiftPackageReference section */

/* Begin XCSwiftPackageProductDependency section */
		F4BAA4382658293F00DA5BF7 /* SparrowKit */ = {
			isa = XCSwiftPackageProductDependency;
			package = F4BAA4332658292F00DA5BF7 /* XCRemoteSwiftPackageReference "SparrowKit" */;
			productName = SparrowKit;
		};
		F4C8FEFA2752215500BCF7E0 /* SPConfetti */ = {
			isa = XCSwiftPackageProductDependency;
			productName = SPConfetti;
		};
		F4C8FEFE2752221E00BCF7E0 /* SPConfetti */ = {
			isa = XCSwiftPackageProductDependency;
			productName = SPConfetti;
		};
		F4C8FF2A2752287500BCF7E0 /* SPConfetti */ = {
			isa = XCSwiftPackageProductDependency;
			productName = SPConfetti;
		};
		F4C8FF2C27529D6500BCF7E0 /* SparrowKit */ = {
			isa = XCSwiftPackageProductDependency;
			package = F4BAA4332658292F00DA5BF7 /* XCRemoteSwiftPackageReference "SparrowKit" */;
			productName = SparrowKit;
		};
		F4C8FF2E27529D6800BCF7E0 /* SPDiffable */ = {
			isa = XCSwiftPackageProductDependency;
			package = F4B96F97265AC34400A01A29 /* XCRemoteSwiftPackageReference "SPDiffable" */;
			productName = SPDiffable;
		};
/* End XCSwiftPackageProductDependency section */
	};
	rootObject = F43F827326578D83001D9B3D /* Project object */;
}
